
Microsoft Visual Studio Solution File, Format Version 12.00
# Visual Studio 14
VisualStudioVersion = 14.0.25123.0
MinimumVisualStudioVersion = 10.0.40219.1
Project("{FAE04EC0-301F-11D3-BF4B-00C04F79EFBC}") = "Figuras2", "Figuras2\Figuras2.csproj", "{CA2D616E-0533-47F2-BA9F-E219775CD659}"
EndProject
Global
	GlobalSection(SolutionConfigurationPlatforms) = preSolution
		Debug|Any CPU = Debug|Any CPU
		Release|Any CPU = Release|Any CPU
	EndGlobalSection
	GlobalSection(ProjectConfigurationPlatforms) = postSolution
		{CA2D616E-0533-47F2-BA9F-E219775CD659}.Debug|Any CPU.ActiveCfg = Debug|Any CPU
		{CA2D616E-0533-47F2-BA9F-E219775CD659}.Debug|Any CPU.Build.0 = Debug|Any CPU
		{CA2D616E-0533-47F2-BA9F-E219775CD659}.Release|Any CPU.ActiveCfg = Release|Any CPU
		{CA2D616E-0533-47F2-BA9F-E219775CD659}.Release|Any CPU.Build.0 = Release|Any CPU
	EndGlobalSection
	GlobalSection(SolutionProperties) = preSolution
		HideSolutionNode = FALSE
	EndGlobalSection
EndGlobal
